// !$*UTF8*$!
{
	archiveVersion = 1;
	classes = {
	};
	objectVersion = 46;
	objects = {

/* Begin PBXBuildFile section */
		D728087D1AED2B1700369B9A /* HTTPRequest.swift in Sources */ = {isa = PBXBuildFile; fileRef = D728087C1AED2B1700369B9A /* HTTPRequest.swift */; };
		D799CD811AFB008100874E3C /* JSON.swift in Sources */ = {isa = PBXBuildFile; fileRef = D799CD801AFB008100874E3C /* JSON.swift */; };
		D799CD821AFB06AE00874E3C /* JSON.swift in Sources */ = {isa = PBXBuildFile; fileRef = D799CD801AFB008100874E3C /* JSON.swift */; };
		D799CDC71AFB8CAF00874E3C /* GetoptLong.swift in Sources */ = {isa = PBXBuildFile; fileRef = D799CD851AFB169900874E3C /* GetoptLong.swift */; };
		D79C54FC1AECB5FE0032275E /* HTTPReceiver.swift in Sources */ = {isa = PBXBuildFile; fileRef = D79C54FB1AECB5FE0032275E /* HTTPReceiver.swift */; };
		D7AF58931B88A62E00CF2042 /* OOPRegularExpression.swift in Sources */ = {isa = PBXBuildFile; fileRef = D7AF58921B88A62E00CF2042 /* OOPRegularExpression.swift */; };
		D7AF58951B88A76900CF2042 /* NSRegularExpression+.swift in Sources */ = {isa = PBXBuildFile; fileRef = D7AF58941B88A76900CF2042 /* NSRegularExpression+.swift */; };
		D7AF58961B88A81F00CF2042 /* OOPRegularExpression.swift in Sources */ = {isa = PBXBuildFile; fileRef = D7AF58921B88A62E00CF2042 /* OOPRegularExpression.swift */; };
		D7B37D7E19EA9B110051702B /* main.swift in Sources */ = {isa = PBXBuildFile; fileRef = D7B37D7D19EA9B110051702B /* main.swift */; };
		D7B37D8519EA9C1D0051702B /* Options.swift in Sources */ = {isa = PBXBuildFile; fileRef = D7B37D8419EA9C1D0051702B /* Options.swift */; };
		D7B37D8719EAD7560051702B /* Internet.swift in Sources */ = {isa = PBXBuildFile; fileRef = D7B37D8619EAD7560051702B /* Internet.swift */; };
		D7B37DA019EBBD5D0051702B /* TCPListener.swift in Sources */ = {isa = PBXBuildFile; fileRef = D7B37D9F19EBBD5D0051702B /* TCPListener.swift */; };
		D7B37DA219EBD2030051702B /* HTTPConnectionHandler.swift in Sources */ = {isa = PBXBuildFile; fileRef = D7B37DA119EBD2030051702B /* HTTPConnectionHandler.swift */; };
		D7B37DA419EBDCC90051702B /* HTTPRequestHandler.swift in Sources */ = {isa = PBXBuildFile; fileRef = D7B37DA319EBDCC90051702B /* HTTPRequestHandler.swift */; };
		D7B37DA619EBF1840051702B /* Functions.swift in Sources */ = {isa = PBXBuildFile; fileRef = D7B37DA519EBF1840051702B /* Functions.swift */; };
		D7FCEB681AF653DC0011B75D /* Director.swift in Sources */ = {isa = PBXBuildFile; fileRef = D7FCEB671AF653DC0011B75D /* Director.swift */; };
		D7FCEB6A1AF655D20011B75D /* HTTPTransmitter.swift in Sources */ = {isa = PBXBuildFile; fileRef = D7FCEB691AF655D20011B75D /* HTTPTransmitter.swift */; };
		D7FCEB6C1AF656510011B75D /* HTTPResponse.swift in Sources */ = {isa = PBXBuildFile; fileRef = D7FCEB6B1AF656510011B75D /* HTTPResponse.swift */; };
		D7FCEB6E1AF66D720011B75D /* HTTPValues.swift in Sources */ = {isa = PBXBuildFile; fileRef = D7FCEB6D1AF66D720011B75D /* HTTPValues.swift */; };
		D7FCEB701AF69B900011B75D /* HTTPStatus.swift in Sources */ = {isa = PBXBuildFile; fileRef = D7FCEB6F1AF69B900011B75D /* HTTPStatus.swift */; };
		D7FCEBF61AF917030011B75D /* SwiftWebServerTest.swift in Sources */ = {isa = PBXBuildFile; fileRef = D7FCEBF51AF917030011B75D /* SwiftWebServerTest.swift */; };
/* End PBXBuildFile section */

/* Begin PBXCopyFilesBuildPhase section */
		D7B37D7819EA9B110051702B /* CopyFiles */ = {
			isa = PBXCopyFilesBuildPhase;
			buildActionMask = 2147483647;
			dstPath = /usr/share/man/man1/;
			dstSubfolderSpec = 0;
			files = (
			);
			runOnlyForDeploymentPostprocessing = 1;
		};
/* End PBXCopyFilesBuildPhase section */

/* Begin PBXFileReference section */
		D728087C1AED2B1700369B9A /* HTTPRequest.swift */ = {isa = PBXFileReference; fileEncoding = 4; lastKnownFileType = sourcecode.swift; path = HTTPRequest.swift; sourceTree = "<group>"; };
		D799CD801AFB008100874E3C /* JSON.swift */ = {isa = PBXFileReference; fileEncoding = 4; lastKnownFileType = sourcecode.swift; path = JSON.swift; sourceTree = "<group>"; };
		D799CD851AFB169900874E3C /* GetoptLong.swift */ = {isa = PBXFileReference; fileEncoding = 4; lastKnownFileType = sourcecode.swift; path = GetoptLong.swift; sourceTree = "<group>"; };
		D799CDC81AFB9E4200874E3C /* LICENSE.txt */ = {isa = PBXFileReference; fileEncoding = 4; lastKnownFileType = text; path = LICENSE.txt; sourceTree = "<group>"; };
		D799CDC91AFB9E4200874E3C /* README.md */ = {isa = PBXFileReference; fileEncoding = 4; lastKnownFileType = net.daringfireball.markdown; path = README.md; sourceTree = "<group>"; };
		D79C54FB1AECB5FE0032275E /* HTTPReceiver.swift */ = {isa = PBXFileReference; fileEncoding = 4; lastKnownFileType = sourcecode.swift; path = HTTPReceiver.swift; sourceTree = "<group>"; };
		D7AF58921B88A62E00CF2042 /* OOPRegularExpression.swift */ = {isa = PBXFileReference; fileEncoding = 4; lastKnownFileType = sourcecode.swift; path = OOPRegularExpression.swift; sourceTree = "<group>"; };
		D7AF58941B88A76900CF2042 /* NSRegularExpression+.swift */ = {isa = PBXFileReference; fileEncoding = 4; lastKnownFileType = sourcecode.swift; path = "NSRegularExpression+.swift"; sourceTree = "<group>"; };
		D7B37D7A19EA9B110051702B /* SwiftWebServer */ = {isa = PBXFileReference; explicitFileType = "compiled.mach-o.executable"; includeInIndex = 0; path = SwiftWebServer; sourceTree = BUILT_PRODUCTS_DIR; };
		D7B37D7D19EA9B110051702B /* main.swift */ = {isa = PBXFileReference; lastKnownFileType = sourcecode.swift; path = main.swift; sourceTree = "<group>"; };
		D7B37D8419EA9C1D0051702B /* Options.swift */ = {isa = PBXFileReference; fileEncoding = 4; lastKnownFileType = sourcecode.swift; path = Options.swift; sourceTree = "<group>"; };
		D7B37D8619EAD7560051702B /* Internet.swift */ = {isa = PBXFileReference; fileEncoding = 4; lastKnownFileType = sourcecode.swift; path = Internet.swift; sourceTree = "<group>"; };
		D7B37D9F19EBBD5D0051702B /* TCPListener.swift */ = {isa = PBXFileReference; fileEncoding = 4; lastKnownFileType = sourcecode.swift; path = TCPListener.swift; sourceTree = "<group>"; };
		D7B37DA119EBD2030051702B /* HTTPConnectionHandler.swift */ = {isa = PBXFileReference; fileEncoding = 4; lastKnownFileType = sourcecode.swift; path = HTTPConnectionHandler.swift; sourceTree = "<group>"; };
		D7B37DA319EBDCC90051702B /* HTTPRequestHandler.swift */ = {isa = PBXFileReference; fileEncoding = 4; lastKnownFileType = sourcecode.swift; path = HTTPRequestHandler.swift; sourceTree = "<group>"; };
		D7B37DA519EBF1840051702B /* Functions.swift */ = {isa = PBXFileReference; fileEncoding = 4; lastKnownFileType = sourcecode.swift; path = Functions.swift; sourceTree = "<group>"; };
		D7FCEB671AF653DC0011B75D /* Director.swift */ = {isa = PBXFileReference; fileEncoding = 4; lastKnownFileType = sourcecode.swift; path = Director.swift; sourceTree = "<group>"; };
		D7FCEB691AF655D20011B75D /* HTTPTransmitter.swift */ = {isa = PBXFileReference; fileEncoding = 4; lastKnownFileType = sourcecode.swift; path = HTTPTransmitter.swift; sourceTree = "<group>"; };
		D7FCEB6B1AF656510011B75D /* HTTPResponse.swift */ = {isa = PBXFileReference; fileEncoding = 4; lastKnownFileType = sourcecode.swift; path = HTTPResponse.swift; sourceTree = "<group>"; };
		D7FCEB6D1AF66D720011B75D /* HTTPValues.swift */ = {isa = PBXFileReference; fileEncoding = 4; lastKnownFileType = sourcecode.swift; path = HTTPValues.swift; sourceTree = "<group>"; };
		D7FCEB6F1AF69B900011B75D /* HTTPStatus.swift */ = {isa = PBXFileReference; fileEncoding = 4; lastKnownFileType = sourcecode.swift; path = HTTPStatus.swift; sourceTree = "<group>"; };
		D7FCEBF11AF917030011B75D /* SwiftWebServerTest.xctest */ = {isa = PBXFileReference; explicitFileType = wrapper.cfbundle; includeInIndex = 0; path = SwiftWebServerTest.xctest; sourceTree = BUILT_PRODUCTS_DIR; };
		D7FCEBF41AF917030011B75D /* Info.plist */ = {isa = PBXFileReference; lastKnownFileType = text.plist.xml; path = Info.plist; sourceTree = "<group>"; };
		D7FCEBF51AF917030011B75D /* SwiftWebServerTest.swift */ = {isa = PBXFileReference; lastKnownFileType = sourcecode.swift; path = SwiftWebServerTest.swift; sourceTree = "<group>"; };
/* End PBXFileReference section */

/* Begin PBXFrameworksBuildPhase section */
		D7B37D7719EA9B110051702B /* Frameworks */ = {
			isa = PBXFrameworksBuildPhase;
			buildActionMask = 2147483647;
			files = (
			);
			runOnlyForDeploymentPostprocessing = 0;
		};
		D7FCEBEE1AF917030011B75D /* Frameworks */ = {
			isa = PBXFrameworksBuildPhase;
			buildActionMask = 2147483647;
			files = (
			);
			runOnlyForDeploymentPostprocessing = 0;
		};
/* End PBXFrameworksBuildPhase section */

/* Begin PBXGroup section */
		D7B37D7119EA9B110051702B = {
			isa = PBXGroup;
			children = (
				D799CDC91AFB9E4200874E3C /* README.md */,
				D799CDC81AFB9E4200874E3C /* LICENSE.txt */,
				D7B37D7C19EA9B110051702B /* SwiftWebServer */,
				D7FCEBF21AF917030011B75D /* SwiftWebServerTest */,
				D7B37D7B19EA9B110051702B /* Products */,
			);
			sourceTree = "<group>";
		};
		D7B37D7B19EA9B110051702B /* Products */ = {
			isa = PBXGroup;
			children = (
				D7B37D7A19EA9B110051702B /* SwiftWebServer */,
				D7FCEBF11AF917030011B75D /* SwiftWebServerTest.xctest */,
			);
			name = Products;
			sourceTree = "<group>";
		};
		D7B37D7C19EA9B110051702B /* SwiftWebServer */ = {
			isa = PBXGroup;
			children = (
				D7B37D7D19EA9B110051702B /* main.swift */,
				D7FCEB661AF64EC60011B75D /* OOPUtils */,
				D7B37DA319EBDCC90051702B /* HTTPRequestHandler.swift */,
				D728087C1AED2B1700369B9A /* HTTPRequest.swift */,
				D7FCEB6B1AF656510011B75D /* HTTPResponse.swift */,
				D7B37DA119EBD2030051702B /* HTTPConnectionHandler.swift */,
				D7B37D9F19EBBD5D0051702B /* TCPListener.swift */,
				D7B37D8419EA9C1D0051702B /* Options.swift */,
				D7B37D8619EAD7560051702B /* Internet.swift */,
				D79C54FB1AECB5FE0032275E /* HTTPReceiver.swift */,
				D7FCEB691AF655D20011B75D /* HTTPTransmitter.swift */,
				D7FCEB6D1AF66D720011B75D /* HTTPValues.swift */,
				D7FCEB6F1AF69B900011B75D /* HTTPStatus.swift */,
				D7FCEB671AF653DC0011B75D /* Director.swift */,
			);
			path = SwiftWebServer;
			sourceTree = "<group>";
		};
		D7FCEB661AF64EC60011B75D /* OOPUtils */ = {
			isa = PBXGroup;
			children = (
				D7AF58921B88A62E00CF2042 /* OOPRegularExpression.swift */,
				D7AF58941B88A76900CF2042 /* NSRegularExpression+.swift */,
				D799CD851AFB169900874E3C /* GetoptLong.swift */,
				D7B37DA519EBF1840051702B /* Functions.swift */,
				D799CD801AFB008100874E3C /* JSON.swift */,
			);
			name = OOPUtils;
			sourceTree = "<group>";
		};
		D7FCEBF21AF917030011B75D /* SwiftWebServerTest */ = {
			isa = PBXGroup;
			children = (
				D7FCEBF51AF917030011B75D /* SwiftWebServerTest.swift */,
				D7FCEBF31AF917030011B75D /* Supporting Files */,
			);
			path = SwiftWebServerTest;
			sourceTree = "<group>";
		};
		D7FCEBF31AF917030011B75D /* Supporting Files */ = {
			isa = PBXGroup;
			children = (
				D7FCEBF41AF917030011B75D /* Info.plist */,
			);
			name = "Supporting Files";
			sourceTree = "<group>";
		};
/* End PBXGroup section */

/* Begin PBXNativeTarget section */
		D7B37D7919EA9B110051702B /* SwiftWebServer */ = {
			isa = PBXNativeTarget;
			buildConfigurationList = D7B37D8119EA9B110051702B /* Build configuration list for PBXNativeTarget "SwiftWebServer" */;
			buildPhases = (
				D7B37D7619EA9B110051702B /* Sources */,
				D7B37D7719EA9B110051702B /* Frameworks */,
				D7B37D7819EA9B110051702B /* CopyFiles */,
			);
			buildRules = (
			);
			dependencies = (
			);
			name = SwiftWebServer;
			productName = SwiftWebServer;
			productReference = D7B37D7A19EA9B110051702B /* SwiftWebServer */;
			productType = "com.apple.product-type.tool";
		};
		D7FCEBF01AF917030011B75D /* SwiftWebServerTest */ = {
			isa = PBXNativeTarget;
			buildConfigurationList = D7FCEBF71AF917030011B75D /* Build configuration list for PBXNativeTarget "SwiftWebServerTest" */;
			buildPhases = (
				D7FCEBED1AF917030011B75D /* Sources */,
				D7FCEBEE1AF917030011B75D /* Frameworks */,
				D7FCEBEF1AF917030011B75D /* Resources */,
			);
			buildRules = (
			);
			dependencies = (
			);
			name = SwiftWebServerTest;
			productName = SwiftWebServerTest;
			productReference = D7FCEBF11AF917030011B75D /* SwiftWebServerTest.xctest */;
			productType = "com.apple.product-type.bundle.unit-test";
		};
/* End PBXNativeTarget section */

/* Begin PBXProject section */
		D7B37D7219EA9B110051702B /* Project object */ = {
			isa = PBXProject;
			attributes = {
				LastSwiftUpdateCheck = 0700;
				LastUpgradeCheck = 0700;
				ORGANIZATIONNAME = "OOPer (NAGATA, Atsuyuki)";
				TargetAttributes = {
					D7B37D7919EA9B110051702B = {
						CreatedOnToolsVersion = 6.1;
					};
					D7FCEBF01AF917030011B75D = {
						CreatedOnToolsVersion = 6.3.1;
					};
				};
			};
			buildConfigurationList = D7B37D7519EA9B110051702B /* Build configuration list for PBXProject "SwiftWebServer" */;
			compatibilityVersion = "Xcode 3.2";
			developmentRegion = English;
			hasScannedForEncodings = 0;
			knownRegions = (
				en,
			);
			mainGroup = D7B37D7119EA9B110051702B;
			productRefGroup = D7B37D7B19EA9B110051702B /* Products */;
			projectDirPath = "";
			projectRoot = "";
			targets = (
				D7B37D7919EA9B110051702B /* SwiftWebServer */,
				D7FCEBF01AF917030011B75D /* SwiftWebServerTest */,
			);
		};
/* End PBXProject section */

/* Begin PBXResourcesBuildPhase section */
		D7FCEBEF1AF917030011B75D /* Resources */ = {
			isa = PBXResourcesBuildPhase;
			buildActionMask = 2147483647;
			files = (
			);
			runOnlyForDeploymentPostprocessing = 0;
		};
/* End PBXResourcesBuildPhase section */

/* Begin PBXSourcesBuildPhase section */
		D7B37D7619EA9B110051702B /* Sources */ = {
			isa = PBXSourcesBuildPhase;
			buildActionMask = 2147483647;
			files = (
				D7FCEB681AF653DC0011B75D /* Director.swift in Sources */,
				D7B37D8719EAD7560051702B /* Internet.swift in Sources */,
				D7FCEB701AF69B900011B75D /* HTTPStatus.swift in Sources */,
				D7B37DA219EBD2030051702B /* HTTPConnectionHandler.swift in Sources */,
				D7B37DA619EBF1840051702B /* Functions.swift in Sources */,
				D7B37DA419EBDCC90051702B /* HTTPRequestHandler.swift in Sources */,
				D7B37D8519EA9C1D0051702B /* Options.swift in Sources */,
				D7FCEB6A1AF655D20011B75D /* HTTPTransmitter.swift in Sources */,
				D7B37DA019EBBD5D0051702B /* TCPListener.swift in Sources */,
				D799CDC71AFB8CAF00874E3C /* GetoptLong.swift in Sources */,
				D7FCEB6E1AF66D720011B75D /* HTTPValues.swift in Sources */,
				D7AF58931B88A62E00CF2042 /* OOPRegularExpression.swift in Sources */,
				D728087D1AED2B1700369B9A /* HTTPRequest.swift in Sources */,
				D7FCEB6C1AF656510011B75D /* HTTPResponse.swift in Sources */,
				D799CD811AFB008100874E3C /* JSON.swift in Sources */,
				D79C54FC1AECB5FE0032275E /* HTTPReceiver.swift in Sources */,
				D7B37D7E19EA9B110051702B /* main.swift in Sources */,
				D7AF58951B88A76900CF2042 /* NSRegularExpression+.swift in Sources */,
			);
			runOnlyForDeploymentPostprocessing = 0;
		};
		D7FCEBED1AF917030011B75D /* Sources */ = {
			isa = PBXSourcesBuildPhase;
			buildActionMask = 2147483647;
			files = (
				D799CD821AFB06AE00874E3C /* JSON.swift in Sources */,
				D7AF58961B88A81F00CF2042 /* OOPRegularExpression.swift in Sources */,
				D7FCEBF61AF917030011B75D /* SwiftWebServerTest.swift in Sources */,
			);
			runOnlyForDeploymentPostprocessing = 0;
		};
/* End PBXSourcesBuildPhase section */

/* Begin XCBuildConfiguration section */
		D7B37D7F19EA9B110051702B /* Debug */ = {
			isa = XCBuildConfiguration;
			buildSettings = {
				ALWAYS_SEARCH_USER_PATHS = NO;
				CLANG_CXX_LANGUAGE_STANDARD = "gnu++0x";
				CLANG_CXX_LIBRARY = "libc++";
				CLANG_ENABLE_MODULES = YES;
				CLANG_ENABLE_OBJC_ARC = YES;
				CLANG_WARN_BOOL_CONVERSION = YES;
				CLANG_WARN_CONSTANT_CONVERSION = YES;
				CLANG_WARN_DIRECT_OBJC_ISA_USAGE = YES_ERROR;
				CLANG_WARN_EMPTY_BODY = YES;
				CLANG_WARN_ENUM_CONVERSION = YES;
				CLANG_WARN_INT_CONVERSION = YES;
				CLANG_WARN_OBJC_ROOT_CLASS = YES_ERROR;
				CLANG_WARN_UNREACHABLE_CODE = YES;
				CLANG_WARN__DUPLICATE_METHOD_MATCH = YES;
				COPY_PHASE_STRIP = NO;
				ENABLE_STRICT_OBJC_MSGSEND = YES;
				ENABLE_TESTABILITY = YES;
				GCC_C_LANGUAGE_STANDARD = gnu99;
				GCC_DYNAMIC_NO_PIC = NO;
				GCC_OPTIMIZATION_LEVEL = 0;
				GCC_PREPROCESSOR_DEFINITIONS = (
					"DEBUG=1",
					"$(inherited)",
				);
				GCC_SYMBOLS_PRIVATE_EXTERN = NO;
				GCC_WARN_64_TO_32_BIT_CONVERSION = YES;
				GCC_WARN_ABOUT_RETURN_TYPE = YES_ERROR;
				GCC_WARN_UNDECLARED_SELECTOR = YES;
				GCC_WARN_UNINITIALIZED_AUTOS = YES_AGGRESSIVE;
				GCC_WARN_UNUSED_FUNCTION = YES;
				GCC_WARN_UNUSED_VARIABLE = YES;
				MACOSX_DEPLOYMENT_TARGET = 10.9;
				MTL_ENABLE_DEBUG_INFO = YES;
				ONLY_ACTIVE_ARCH = YES;
				SDKROOT = macosx;
				SWIFT_OPTIMIZATION_LEVEL = "-Onone";
			};
			name = Debug;
		};
		D7B37D8019EA9B110051702B /* Release */ = {
			isa = XCBuildConfiguration;
			buildSettings = {
				ALWAYS_SEARCH_USER_PATHS = NO;
				CLANG_CXX_LANGUAGE_STANDARD = "gnu++0x";
				CLANG_CXX_LIBRARY = "libc++";
				CLANG_ENABLE_MODULES = YES;
				CLANG_ENABLE_OBJC_ARC = YES;
				CLANG_WARN_BOOL_CONVERSION = YES;
				CLANG_WARN_CONSTANT_CONVERSION = YES;
				CLANG_WARN_DIRECT_OBJC_ISA_USAGE = YES_ERROR;
				CLANG_WARN_EMPTY_BODY = YES;
				CLANG_WARN_ENUM_CONVERSION = YES;
				CLANG_WARN_INT_CONVERSION = YES;
				CLANG_WARN_OBJC_ROOT_CLASS = YES_ERROR;
				CLANG_WARN_UNREACHABLE_CODE = YES;
				CLANG_WARN__DUPLICATE_METHOD_MATCH = YES;
				COPY_PHASE_STRIP = YES;
				DEBUG_INFORMATION_FORMAT = "dwarf-with-dsym";
				ENABLE_NS_ASSERTIONS = NO;
				ENABLE_STRICT_OBJC_MSGSEND = YES;
				GCC_C_LANGUAGE_STANDARD = gnu99;
				GCC_WARN_64_TO_32_BIT_CONVERSION = YES;
				GCC_WARN_ABOUT_RETURN_TYPE = YES_ERROR;
				GCC_WARN_UNDECLARED_SELECTOR = YES;
				GCC_WARN_UNINITIALIZED_AUTOS = YES_AGGRESSIVE;
				GCC_WARN_UNUSED_FUNCTION = YES;
				GCC_WARN_UNUSED_VARIABLE = YES;
				MACOSX_DEPLOYMENT_TARGET = 10.9;
				MTL_ENABLE_DEBUG_INFO = NO;
				SDKROOT = macosx;
			};
			name = Release;
		};
		D7B37D8219EA9B110051702B /* Debug */ = {
			isa = XCBuildConfiguration;
			buildSettings = {
				PRODUCT_NAME = "$(TARGET_NAME)";
			};
			name = Debug;
		};
		D7B37D8319EA9B110051702B /* Release */ = {
			isa = XCBuildConfiguration;
			buildSettings = {
				PRODUCT_NAME = "$(TARGET_NAME)";
			};
			name = Release;
		};
		D7FCEBF81AF917030011B75D /* Debug */ = {
			isa = XCBuildConfiguration;
			buildSettings = {
				COMBINE_HIDPI_IMAGES = YES;
				DEBUG_INFORMATION_FORMAT = dwarf;
				FRAMEWORK_SEARCH_PATHS = (
					"$(DEVELOPER_FRAMEWORKS_DIR)",
					"$(inherited)",
				);
				GCC_NO_COMMON_BLOCKS = YES;
				GCC_PREPROCESSOR_DEFINITIONS = (
					"DEBUG=1",
					"$(inherited)",
				);
				INFOPLIST_FILE = SwiftWebServerTest/Info.plist;
				LD_RUNPATH_SEARCH_PATHS = "$(inherited) @executable_path/../Frameworks @loader_path/../Frameworks";
				MACOSX_DEPLOYMENT_TARGET = 10.10;
				PRODUCT_BUNDLE_IDENTIFIER = "com.oopers.$(PRODUCT_NAME:rfc1034identifier)";
				PRODUCT_NAME = "$(TARGET_NAME)";
			};
			name = Debug;
		};
		D7FCEBF91AF917030011B75D /* Release */ = {
			isa = XCBuildConfiguration;
			buildSettings = {
				COMBINE_HIDPI_IMAGES = YES;
				COPY_PHASE_STRIP = NO;
				FRAMEWORK_SEARCH_PATHS = (
					"$(DEVELOPER_FRAMEWORKS_DIR)",
					"$(inherited)",
				);
				GCC_NO_COMMON_BLOCKS = YES;
				INFOPLIST_FILE = SwiftWebServerTest/Info.plist;
				LD_RUNPATH_SEARCH_PATHS = "$(inherited) @executable_path/../Frameworks @loader_path/../Frameworks";
				MACOSX_DEPLOYMENT_TARGET = 10.10;
				PRODUCT_BUNDLE_IDENTIFIER = "com.oopers.$(PRODUCT_NAME:rfc1034identifier)";
				PRODUCT_NAME = "$(TARGET_NAME)";
			};
			name = Release;
		};
/* End XCBuildConfiguration section */

/* Begin XCConfigurationList section */
		D7B37D7519EA9B110051702B /* Build configuration list for PBXProject "SwiftWebServer" */ = {
			isa = XCConfigurationList;
			buildConfigurations = (
				D7B37D7F19EA9B110051702B /* Debug */,
				D7B37D8019EA9B110051702B /* Release */,
			);
			defaultConfigurationIsVisible = 0;
			defaultConfigurationName = Release;
		};
		D7B37D8119EA9B110051702B /* Build configuration list for PBXNativeTarget "SwiftWebServer" */ = {
			isa = XCConfigurationList;
			buildConfigurations = (
				D7B37D8219EA9B110051702B /* Debug */,
				D7B37D8319EA9B110051702B /* Release */,
			);
			defaultConfigurationIsVisible = 0;
			defaultConfigurationName = Release;
		};
		D7FCEBF71AF917030011B75D /* Build configuration list for PBXNativeTarget "SwiftWebServerTest" */ = {
			isa = XCConfigurationList;
			buildConfigurations = (
				D7FCEBF81AF917030011B75D /* Debug */,
				D7FCEBF91AF917030011B75D /* Release */,
			);
			defaultConfigurationIsVisible = 0;
			defaultConfigurationName = Release;
		};
/* End XCConfigurationList section */
	};
	rootObject = D7B37D7219EA9B110051702B /* Project object */;
}
